
Microsoft Visual Studio Solution File, Format Version 12.00
# Visual Studio Version 16
VisualStudioVersion = 16.0.31005.135
MinimumVisualStudioVersion = 10.0.40219.1
Project("{9A19103F-16F7-4668-BE54-9A1E7A4F7556}") = "ConsoleApp1", "ConsoleApp1\ConsoleApp1.csproj", "{8910DB36-FF23-4EAB-A956-43CA1CD40DDD}"
EndProject
Project("{FAE04EC0-301F-11D3-BF4B-00C04F79EFBC}") = "WindowsFormsApp1", "WindowsFormsApp1\WindowsFormsApp1.csproj", "{95F21347-BF10-4374-B90D-537A4D6829EF}"
EndProject
Global
	GlobalSection(SolutionConfigurationPlatforms) = preSolution
		Debug|Any CPU = Debug|Any CPU
		Release|Any CPU = Release|Any CPU
	EndGlobalSection
	GlobalSection(ProjectConfigurationPlatforms) = postSolution
		{8910DB36-FF23-4EAB-A956-43CA1CD40DDD}.Debug|Any CPU.ActiveCfg = Debug|Any CPU
		{8910DB36-FF23-4EAB-A956-43CA1CD40DDD}.Debug|Any CPU.Build.0 = Debug|Any CPU
		{8910DB36-FF23-4EAB-A956-43CA1CD40DDD}.Release|Any CPU.ActiveCfg = Release|Any CPU
		{8910DB36-FF23-4EAB-A956-43CA1CD40DDD}.Release|Any CPU.Build.0 = Release|Any CPU
		{95F21347-BF10-4374-B90D-537A4D6829EF}.Debug|Any CPU.ActiveCfg = Debug|Any CPU
		{95F21347-BF10-4374-B90D-537A4D6829EF}.Debug|Any CPU.Build.0 = Debug|Any CPU
		{95F21347-BF10-4374-B90D-537A4D6829EF}.Release|Any CPU.ActiveCfg = Release|Any CPU
		{95F21347-BF10-4374-B90D-537A4D6829EF}.Release|Any CPU.Build.0 = Release|Any CPU
	EndGlobalSection
	GlobalSection(SolutionProperties) = preSolution
		HideSolutionNode = FALSE
	EndGlobalSection
	GlobalSection(ExtensibilityGlobals) = postSolution
		SolutionGuid = {459F6AED-BD6A-44DD-8388-5928F953C902}
	EndGlobalSection
EndGlobal
